<?xml version="1.0" encoding="utf-8"?>
<Project ToolsVersion="4.0" xmlns="http://schemas.microsoft.com/developer/msbuild/2003">
  <ItemGroup>
    <ClCompile Include="Component.cpp" />
    <ClCompile Include="DatabaseScopeLock.cpp" />
    <ClCompile Include="LibraryExport.cpp" />
    <ClCompile Include="LibraryExportDialogue.cpp" />
    <ClCompile Include="MainMenu.cpp" />
  </ItemGroup>
  <ItemGroup>
    <ClInclude Include="ATLHelpersWrapper.h" />
    <ClInclude Include="Component.h" />
    <ClInclude Include="DatabaseScopeLock.h" />
    <ClInclude Include="FoobarSDKWrapper.h" />
    <ClInclude Include="LibraryExport.h" />
    <ClInclude Include="LibraryExportDialogue.h" />
    <ClInclude Include="Maths.h" />
    <ClInclude Include="RapidJsonWrapper.h" />
    <ClInclude Include="resource.h" />
    <ClInclude Include="ToString.h" />
  </ItemGroup>
  <ItemGroup>
    <ResourceCompile Include="Resource.rc" />
  </ItemGroup>
</Project>